{
  "name": "@octoherd/octokit",
  "version": "0.0.0-development",
  "lockfileVersion": 3,
  "requires": true,
  "packages": {
    "": {
      "name": "@octoherd/octokit",
      "version": "0.0.0-development",
      "license": "ISC",
      "dependencies": {
        "@octokit/core": "^6.0.0",
        "@octokit/plugin-paginate-rest": "^10.0.0",
        "@octokit/plugin-retry": "^7.0.0",
        "@octokit/plugin-throttling": "^9.0.0",
        "quick-format-unescaped": "^4.0.1"
      },
      "engines": {
        "node": ">= 14"
      }
    },
    "node_modules/@octokit/auth-token": {
      "version": "5.1.0",
      "resolved": "https://registry.npmjs.org/@octokit/auth-token/-/auth-token-5.1.0.tgz",
      "integrity": "sha512-JH+5PhVMjpbBuKlykiseCHa2uZdEd8Qm/N9Kpqncx4o/wkGF38gqVjIP2gZqfaP3nxFZPpg0FwGClKzBi6nS2g==",
      "engines": {
        "node": ">= 18"
      }
    },
    "node_modules/@octokit/core": {
      "version": "6.1.1",
      "resolved": "https://registry.npmjs.org/@octokit/core/-/core-6.1.1.tgz",
      "integrity": "sha512-uVypPdnZV7YoEa69Ky2kTSw3neFLGT0PZ54OwUMDph7w6TmhF0ZnoVcvb/kYnjDHCFo2mfoeRDYifLKhLNasUg==",
      "dependencies": {
        "@octokit/auth-token": "^5.0.0",
        "@octokit/graphql": "^8.0.0",
        "@octokit/request": "^9.0.0",
        "@octokit/request-error": "^6.0.1",
        "@octokit/types": "^13.0.0",
        "before-after-hook": "^3.0.2",
        "universal-user-agent": "^7.0.0"
      },
      "engines": {
        "node": ">= 18"
      }
    },
    "node_modules/@octokit/endpoint": {
      "version": "10.1.0",
      "resolved": "https://registry.npmjs.org/@octokit/endpoint/-/endpoint-10.1.0.tgz",
      "integrity": "sha512-ogZ5uLMeGBZUzS32fNt9j+dNw3kkEn5CSw4CVkN1EvCNdFYWrQ5diQR6Hh52VrPR0oayIoYTqQFL/l8RqkV0qw==",
      "dependencies": {
        "@octokit/types": "^13.0.0",
        "universal-user-agent": "^7.0.2"
      },
      "engines": {
        "node": ">= 18"
      }
    },
    "node_modules/@octokit/graphql": {
      "version": "8.1.0",
      "resolved": "https://registry.npmjs.org/@octokit/graphql/-/graphql-8.1.0.tgz",
      "integrity": "sha512-XDvj6GcUnQYgbCLXElt3vZDzNIPGvGiwxQO2XzsvfVUjebGh0E5eCD/1My9zUGSNKaGVZitVuO8LMziGmoFryg==",
      "dependencies": {
        "@octokit/request": "^9.0.0",
        "@octokit/types": "^13.0.0",
        "universal-user-agent": "^7.0.0"
      },
      "engines": {
        "node": ">= 18"
      }
    },
    "node_modules/@octokit/openapi-types": {
      "version": "21.2.0",
      "resolved": "https://registry.npmjs.org/@octokit/openapi-types/-/openapi-types-21.2.0.tgz",
      "integrity": "sha512-xx+Xd6I7rYvul/hgUDqv6TeGX0IOGnhSg9IOeYgd/uI7IAqUy6DE2B6Ipv2M4mWoxaMcWjIzgTIcv8pMO3F3vw=="
    },
    "node_modules/@octokit/plugin-paginate-rest": {
      "version": "10.1.0",
      "resolved": "https://registry.npmjs.org/@octokit/plugin-paginate-rest/-/plugin-paginate-rest-10.1.0.tgz",
      "integrity": "sha512-G8RdudUQr532C+LAOT58MznwFFu+wkJJjbTJF1xBxPr8XbzCg1NI0nYm6EPcuLWXLI3T6wzFm2fbXqDkfdC7Ow==",
      "dependencies": {
        "@octokit/types": "^12.6.0"
      },
      "engines": {
        "node": ">= 18"
      },
      "peerDependencies": {
        "@octokit/core": ">=6"
      }
    },
    "node_modules/@octokit/plugin-paginate-rest/node_modules/@octokit/openapi-types": {
      "version": "20.0.0",
      "resolved": "https://registry.npmjs.org/@octokit/openapi-types/-/openapi-types-20.0.0.tgz",
      "integrity": "sha512-EtqRBEjp1dL/15V7WiX5LJMIxxkdiGJnabzYx5Apx4FkQIFgAfKumXeYAqqJCj1s+BMX4cPFIFC4OLCR6stlnA=="
    },
    "node_modules/@octokit/plugin-paginate-rest/node_modules/@octokit/types": {
      "version": "12.6.0",
      "resolved": "https://registry.npmjs.org/@octokit/types/-/types-12.6.0.tgz",
      "integrity": "sha512-1rhSOfRa6H9w4YwK0yrf5faDaDTb+yLyBUKOCV4xtCDB5VmIPqd/v9yr9o6SAzOAlRxMiRiCic6JVM1/kunVkw==",
      "dependencies": {
        "@octokit/openapi-types": "^20.0.0"
      }
    },
    "node_modules/@octokit/plugin-retry": {
      "version": "7.1.0",
      "resolved": "https://registry.npmjs.org/@octokit/plugin-retry/-/plugin-retry-7.1.0.tgz",
      "integrity": "sha512-6mc4xNtT6eoDBGrJJn0sFALUmIba2f7Wx+G8XV9GkBLcyX5PogBdx2mDMW5yPPqSD/y23tYagkjOLX9sT7O6jA==",
      "dependencies": {
        "@octokit/request-error": "^6.0.0",
        "@octokit/types": "^13.0.0",
        "bottleneck": "^2.15.3"
      },
      "engines": {
        "node": ">= 18"
      },
      "peerDependencies": {
        "@octokit/core": ">=6"
      }
    },
    "node_modules/@octokit/plugin-throttling": {
      "version": "9.1.0",
      "resolved": "https://registry.npmjs.org/@octokit/plugin-throttling/-/plugin-throttling-9.1.0.tgz",
      "integrity": "sha512-16lDMMhChavhvXKr2zRK7sD+hTpuVm697xZNf1a0C/MFRZU8CFkrNJEYX7Fqo2dc44lISp7V5Vm0sgJIx2bRkw==",
      "dependencies": {
        "@octokit/types": "^13.0.0",
        "bottleneck": "^2.15.3"
      },
      "engines": {
        "node": ">= 18"
      },
      "peerDependencies": {
        "@octokit/core": "^6.0.0"
      }
    },
    "node_modules/@octokit/request": {
      "version": "9.0.1",
      "resolved": "https://registry.npmjs.org/@octokit/request/-/request-9.0.1.tgz",
      "integrity": "sha512-kL+cAcbSl3dctYLuJmLfx6Iku2MXXy0jszhaEIjQNaCp4zjHXrhVAHeuaRdNvJjW9qjl3u1MJ72+OuBP0YW/pg==",
      "dependencies": {
        "@octokit/endpoint": "^10.0.0",
        "@octokit/request-error": "^6.0.1",
        "@octokit/types": "^12.0.0",
        "universal-user-agent": "^7.0.2"
      },
      "engines": {
        "node": ">= 18"
      }
    },
    "node_modules/@octokit/request-error": {
      "version": "6.1.0",
      "resolved": "https://registry.npmjs.org/@octokit/request-error/-/request-error-6.1.0.tgz",
      "integrity": "sha512-xcLJv4IgfWIOEEVZwfhUN3yHNWJL0AMw1J1Ba8BofM9RdDTbapg6MO4zNxlPS4XXX9aAIsbDRa47K57EhgeVAw==",
      "dependencies": {
        "@octokit/types": "^13.0.0"
      },
      "engines": {
        "node": ">= 18"
      }
    },
    "node_modules/@octokit/request/node_modules/@octokit/openapi-types": {
      "version": "20.0.0",
      "resolved": "https://registry.npmjs.org/@octokit/openapi-types/-/openapi-types-20.0.0.tgz",
      "integrity": "sha512-EtqRBEjp1dL/15V7WiX5LJMIxxkdiGJnabzYx5Apx4FkQIFgAfKumXeYAqqJCj1s+BMX4cPFIFC4OLCR6stlnA=="
    },
    "node_modules/@octokit/request/node_modules/@octokit/types": {
      "version": "12.6.0",
      "resolved": "https://registry.npmjs.org/@octokit/types/-/types-12.6.0.tgz",
      "integrity": "sha512-1rhSOfRa6H9w4YwK0yrf5faDaDTb+yLyBUKOCV4xtCDB5VmIPqd/v9yr9o6SAzOAlRxMiRiCic6JVM1/kunVkw==",
      "dependencies": {
        "@octokit/openapi-types": "^20.0.0"
      }
    },
    "node_modules/@octokit/types": {
      "version": "13.1.0",
      "resolved": "https://registry.npmjs.org/@octokit/types/-/types-13.1.0.tgz",
      "integrity": "sha512-nBwAFOYqVUUJ2AZFK4ZzESQptaAVqdTDKk8gE0Xr0o99WuPDSrhUC38x0F40xD9OUxXhOOuZKWNNVVLPSHQDvQ==",
      "dependencies": {
        "@octokit/openapi-types": "^21.0.0"
      }
    },
    "node_modules/before-after-hook": {
      "version": "3.0.2",
      "resolved": "https://registry.npmjs.org/before-after-hook/-/before-after-hook-3.0.2.tgz",
      "integrity": "sha512-Nik3Sc0ncrMK4UUdXQmAnRtzmNQTAAXmXIopizwZ1W1t8QmfJj+zL4OA2I7XPTPW5z5TDqv4hRo/JzouDJnX3A=="
    },
    "node_modules/bottleneck": {
      "version": "2.19.5",
      "resolved": "https://registry.npmjs.org/bottleneck/-/bottleneck-2.19.5.tgz",
      "integrity": "sha512-VHiNCbI1lKdl44tGrhNfU3lup0Tj/ZBMJB5/2ZbNXRCPuRCO7ed2mgcK4r17y+KB2EfuYuRaVlwNbAeaWGSpbw=="
    },
    "node_modules/quick-format-unescaped": {
      "version": "4.0.4",
      "resolved": "https://registry.npmjs.org/quick-format-unescaped/-/quick-format-unescaped-4.0.4.tgz",
      "integrity": "sha512-tYC1Q1hgyRuHgloV/YXs2w15unPVh8qfu/qCTfhTYamaw7fyhumKa2yGpdSo87vY32rIclj+4fWYQXUMs9EHvg=="
    },
    "node_modules/universal-user-agent": {
      "version": "7.0.2",
      "resolved": "https://registry.npmjs.org/universal-user-agent/-/universal-user-agent-7.0.2.tgz",
      "integrity": "sha512-0JCqzSKnStlRRQfCdowvqy3cy0Dvtlb8xecj/H8JFZuCze4rwjPZQOgvFvn0Ws/usCHQFGpyr+pB9adaGwXn4Q=="
    }
  }
}
